// !$*UTF8*$!
{
	archiveVersion = 1;
	classes = {
	};
	objectVersion = 46;
	objects = {

/* Begin PBXBuildFile section */
		D40FBB2B1C83C86E00879E71 /* AppDelegate.swift in Sources */ = {isa = PBXBuildFile; fileRef = D40FBB2A1C83C86E00879E71 /* AppDelegate.swift */; };
		D40FBB2D1C83C86E00879E71 /* ViewController.swift in Sources */ = {isa = PBXBuildFile; fileRef = D40FBB2C1C83C86E00879E71 /* ViewController.swift */; };
		D40FBB301C83C86E00879E71 /* Main.storyboard in Resources */ = {isa = PBXBuildFile; fileRef = D40FBB2E1C83C86E00879E71 /* Main.storyboard */; };
		D40FBB321C83C86E00879E71 /* Assets.xcassets in Resources */ = {isa = PBXBuildFile; fileRef = D40FBB311C83C86E00879E71 /* Assets.xcassets */; };
		D40FBB351C83C86E00879E71 /* LaunchScreen.storyboard in Resources */ = {isa = PBXBuildFile; fileRef = D40FBB331C83C86E00879E71 /* LaunchScreen.storyboard */; };
		D40FBB401C83C86E00879E71 /* permanentStorageTests.swift in Sources */ = {isa = PBXBuildFile; fileRef = D40FBB3F1C83C86E00879E71 /* permanentStorageTests.swift */; };
		D40FBB4B1C83C86E00879E71 /* permanentStorageUITests.swift in Sources */ = {isa = PBXBuildFile; fileRef = D40FBB4A1C83C86E00879E71 /* permanentStorageUITests.swift */; };
/* End PBXBuildFile section */

/* Begin PBXContainerItemProxy section */
		D40FBB3C1C83C86E00879E71 /* PBXContainerItemProxy */ = {
			isa = PBXContainerItemProxy;
			containerPortal = D40FBB1F1C83C86E00879E71 /* Project object */;
			proxyType = 1;
			remoteGlobalIDString = D40FBB261C83C86E00879E71;
			remoteInfo = permanentStorage;
		};
		D40FBB471C83C86E00879E71 /* PBXContainerItemProxy */ = {
			isa = PBXContainerItemProxy;
			containerPortal = D40FBB1F1C83C86E00879E71 /* Project object */;
			proxyType = 1;
			remoteGlobalIDString = D40FBB261C83C86E00879E71;
			remoteInfo = permanentStorage;
		};
/* End PBXContainerItemProxy section */

/* Begin PBXFileReference section */
		D40FBB271C83C86E00879E71 /* permanentStorage.app */ = {isa = PBXFileReference; explicitFileType = wrapper.application; includeInIndex = 0; path = permanentStorage.app; sourceTree = BUILT_PRODUCTS_DIR; };
		D40FBB2A1C83C86E00879E71 /* AppDelegate.swift */ = {isa = PBXFileReference; lastKnownFileType = sourcecode.swift; path = AppDelegate.swift; sourceTree = "<group>"; };
		D40FBB2C1C83C86E00879E71 /* ViewController.swift */ = {isa = PBXFileReference; lastKnownFileType = sourcecode.swift; path = ViewController.swift; sourceTree = "<group>"; };
		D40FBB2F1C83C86E00879E71 /* Base */ = {isa = PBXFileReference; lastKnownFileType = file.storyboard; name = Base; path = Base.lproj/Main.storyboard; sourceTree = "<group>"; };
		D40FBB311C83C86E00879E71 /* Assets.xcassets */ = {isa = PBXFileReference; lastKnownFileType = folder.assetcatalog; path = Assets.xcassets; sourceTree = "<group>"; };
		D40FBB341C83C86E00879E71 /* Base */ = {isa = PBXFileReference; lastKnownFileType = file.storyboard; name = Base; path = Base.lproj/LaunchScreen.storyboard; sourceTree = "<group>"; };
		D40FBB361C83C86E00879E71 /* Info.plist */ = {isa = PBXFileReference; lastKnownFileType = text.plist.xml; path = Info.plist; sourceTree = "<group>"; };
		D40FBB3B1C83C86E00879E71 /* permanentStorageTests.xctest */ = {isa = PBXFileReference; explicitFileType = wrapper.cfbundle; includeInIndex = 0; path = permanentStorageTests.xctest; sourceTree = BUILT_PRODUCTS_DIR; };
		D40FBB3F1C83C86E00879E71 /* permanentStorageTests.swift */ = {isa = PBXFileReference; lastKnownFileType = sourcecode.swift; path = permanentStorageTests.swift; sourceTree = "<group>"; };
		D40FBB411C83C86E00879E71 /* Info.plist */ = {isa = PBXFileReference; lastKnownFileType = text.plist.xml; path = Info.plist; sourceTree = "<group>"; };
		D40FBB461C83C86E00879E71 /* permanentStorageUITests.xctest */ = {isa = PBXFileReference; explicitFileType = wrapper.cfbundle; includeInIndex = 0; path = permanentStorageUITests.xctest; sourceTree = BUILT_PRODUCTS_DIR; };
		D40FBB4A1C83C86E00879E71 /* permanentStorageUITests.swift */ = {isa = PBXFileReference; lastKnownFileType = sourcecode.swift; path = permanentStorageUITests.swift; sourceTree = "<group>"; };
		D40FBB4C1C83C86E00879E71 /* Info.plist */ = {isa = PBXFileReference; lastKnownFileType = text.plist.xml; path = Info.plist; sourceTree = "<group>"; };
/* End PBXFileReference section */

/* Begin PBXFrameworksBuildPhase section */
		D40FBB241C83C86E00879E71 /* Frameworks */ = {
			isa = PBXFrameworksBuildPhase;
			buildActionMask = 2147483647;
			files = (
			);
			runOnlyForDeploymentPostprocessing = 0;
		};
		D40FBB381C83C86E00879E71 /* Frameworks */ = {
			isa = PBXFrameworksBuildPhase;
			buildActionMask = 2147483647;
			files = (
			);
			runOnlyForDeploymentPostprocessing = 0;
		};
		D40FBB431C83C86E00879E71 /* Frameworks */ = {
			isa = PBXFrameworksBuildPhase;
			buildActionMask = 2147483647;
			files = (
			);
			runOnlyForDeploymentPostprocessing = 0;
		};
/* End PBXFrameworksBuildPhase section */

/* Begin PBXGroup section */
		D40FBB1E1C83C86E00879E71 = {
			isa = PBXGroup;
			children = (
				D40FBB291C83C86E00879E71 /* permanentStorage */,
				D40FBB3E1C83C86E00879E71 /* permanentStorageTests */,
				D40FBB491C83C86E00879E71 /* permanentStorageUITests */,
				D40FBB281C83C86E00879E71 /* Products */,
			);
			sourceTree = "<group>";
		};
		D40FBB281C83C86E00879E71 /* Products */ = {
			isa = PBXGroup;
			children = (
				D40FBB271C83C86E00879E71 /* permanentStorage.app */,
				D40FBB3B1C83C86E00879E71 /* permanentStorageTests.xctest */,
				D40FBB461C83C86E00879E71 /* permanentStorageUITests.xctest */,
			);
			name = Products;
			sourceTree = "<group>";
		};
		D40FBB291C83C86E00879E71 /* permanentStorage */ = {
			isa = PBXGroup;
			children = (
				D40FBB2A1C83C86E00879E71 /* AppDelegate.swift */,
				D40FBB2C1C83C86E00879E71 /* ViewController.swift */,
				D40FBB2E1C83C86E00879E71 /* Main.storyboard */,
				D40FBB311C83C86E00879E71 /* Assets.xcassets */,
				D40FBB331C83C86E00879E71 /* LaunchScreen.storyboard */,
				D40FBB361C83C86E00879E71 /* Info.plist */,
			);
			path = permanentStorage;
			sourceTree = "<group>";
		};
		D40FBB3E1C83C86E00879E71 /* permanentStorageTests */ = {
			isa = PBXGroup;
			children = (
				D40FBB3F1C83C86E00879E71 /* permanentStorageTests.swift */,
				D40FBB411C83C86E00879E71 /* Info.plist */,
			);
			path = permanentStorageTests;
			sourceTree = "<group>";
		};
		D40FBB491C83C86E00879E71 /* permanentStorageUITests */ = {
			isa = PBXGroup;
			children = (
				D40FBB4A1C83C86E00879E71 /* permanentStorageUITests.swift */,
				D40FBB4C1C83C86E00879E71 /* Info.plist */,
			);
			path = permanentStorageUITests;
			sourceTree = "<group>";
		};
/* End PBXGroup section */

/* Begin PBXNativeTarget section */
		D40FBB261C83C86E00879E71 /* permanentStorage */ = {
			isa = PBXNativeTarget;
			buildConfigurationList = D40FBB4F1C83C86E00879E71 /* Build configuration list for PBXNativeTarget "permanentStorage" */;
			buildPhases = (
				D40FBB231C83C86E00879E71 /* Sources */,
				D40FBB241C83C86E00879E71 /* Frameworks */,
				D40FBB251C83C86E00879E71 /* Resources */,
			);
			buildRules = (
			);
			dependencies = (
			);
			name = permanentStorage;
			productName = permanentStorage;
			productReference = D40FBB271C83C86E00879E71 /* permanentStorage.app */;
			productType = "com.apple.product-type.application";
		};
		D40FBB3A1C83C86E00879E71 /* permanentStorageTests */ = {
			isa = PBXNativeTarget;
			buildConfigurationList = D40FBB521C83C86E00879E71 /* Build configuration list for PBXNativeTarget "permanentStorageTests" */;
			buildPhases = (
				D40FBB371C83C86E00879E71 /* Sources */,
				D40FBB381C83C86E00879E71 /* Frameworks */,
				D40FBB391C83C86E00879E71 /* Resources */,
			);
			buildRules = (
			);
			dependencies = (
				D40FBB3D1C83C86E00879E71 /* PBXTargetDependency */,
			);
			name = permanentStorageTests;
			productName = permanentStorageTests;
			productReference = D40FBB3B1C83C86E00879E71 /* permanentStorageTests.xctest */;
			productType = "com.apple.product-type.bundle.unit-test";
		};
		D40FBB451C83C86E00879E71 /* permanentStorageUITests */ = {
			isa = PBXNativeTarget;
			buildConfigurationList = D40FBB551C83C86E00879E71 /* Build configuration list for PBXNativeTarget "permanentStorageUITests" */;
			buildPhases = (
				D40FBB421C83C86E00879E71 /* Sources */,
				D40FBB431C83C86E00879E71 /* Frameworks */,
				D40FBB441C83C86E00879E71 /* Resources */,
			);
			buildRules = (
			);
			dependencies = (
				D40FBB481C83C86E00879E71 /* PBXTargetDependency */,
			);
			name = permanentStorageUITests;
			productName = permanentStorageUITests;
			productReference = D40FBB461C83C86E00879E71 /* permanentStorageUITests.xctest */;
			productType = "com.apple.product-type.bundle.ui-testing";
		};
/* End PBXNativeTarget section */

/* Begin PBXProject section */
		D40FBB1F1C83C86E00879E71 /* Project object */ = {
			isa = PBXProject;
			attributes = {
				LastSwiftUpdateCheck = 0720;
				LastUpgradeCheck = 0720;
				ORGANIZATIONNAME = "Andrew Morrison";
				TargetAttributes = {
					D40FBB261C83C86E00879E71 = {
						CreatedOnToolsVersion = 7.2.1;
					};
					D40FBB3A1C83C86E00879E71 = {
						CreatedOnToolsVersion = 7.2.1;
						TestTargetID = D40FBB261C83C86E00879E71;
					};
					D40FBB451C83C86E00879E71 = {
						CreatedOnToolsVersion = 7.2.1;
						TestTargetID = D40FBB261C83C86E00879E71;
					};
				};
			};
			buildConfigurationList = D40FBB221C83C86E00879E71 /* Build configuration list for PBXProject "permanentStorage" */;
			compatibilityVersion = "Xcode 3.2";
			developmentRegion = English;
			hasScannedForEncodings = 0;
			knownRegions = (
				en,
				Base,
			);
			mainGroup = D40FBB1E1C83C86E00879E71;
			productRefGroup = D40FBB281C83C86E00879E71 /* Products */;
			projectDirPath = "";
			projectRoot = "";
			targets = (
				D40FBB261C83C86E00879E71 /* permanentStorage */,
				D40FBB3A1C83C86E00879E71 /* permanentStorageTests */,
				D40FBB451C83C86E00879E71 /* permanentStorageUITests */,
			);
		};
/* End PBXProject section */

/* Begin PBXResourcesBuildPhase section */
		D40FBB251C83C86E00879E71 /* Resources */ = {
			isa = PBXResourcesBuildPhase;
			buildActionMask = 2147483647;
			files = (
				D40FBB351C83C86E00879E71 /* LaunchScreen.storyboard in Resources */,
				D40FBB321C83C86E00879E71 /* Assets.xcassets in Resources */,
				D40FBB301C83C86E00879E71 /* Main.storyboard in Resources */,
			);
			runOnlyForDeploymentPostprocessing = 0;
		};
		D40FBB391C83C86E00879E71 /* Resources */ = {
			isa = PBXResourcesBuildPhase;
			buildActionMask = 2147483647;
			files = (
			);
			runOnlyForDeploymentPostprocessing = 0;
		};
		D40FBB441C83C86E00879E71 /* Resources */ = {
			isa = PBXResourcesBuildPhase;
			buildActionMask = 2147483647;
			files = (
			);
			runOnlyForDeploymentPostprocessing = 0;
		};
/* End PBXResourcesBuildPhase section */

/* Begin PBXSourcesBuildPhase section */
		D40FBB231C83C86E00879E71 /* Sources */ = {
			isa = PBXSourcesBuildPhase;
			buildActionMask = 2147483647;
			files = (
				D40FBB2D1C83C86E00879E71 /* ViewController.swift in Sources */,
				D40FBB2B1C83C86E00879E71 /* AppDelegate.swift in Sources */,
			);
			runOnlyForDeploymentPostprocessing = 0;
		};
		D40FBB371C83C86E00879E71 /* Sources */ = {
			isa = PBXSourcesBuildPhase;
			buildActionMask = 2147483647;
			files = (
				D40FBB401C83C86E00879E71 /* permanentStorageTests.swift in Sources */,
			);
			runOnlyForDeploymentPostprocessing = 0;
		};
		D40FBB421C83C86E00879E71 /* Sources */ = {
			isa = PBXSourcesBuildPhase;
			buildActionMask = 2147483647;
			files = (
				D40FBB4B1C83C86E00879E71 /* permanentStorageUITests.swift in Sources */,
			);
			runOnlyForDeploymentPostprocessing = 0;
		};
/* End PBXSourcesBuildPhase section */

/* Begin PBXTargetDependency section */
		D40FBB3D1C83C86E00879E71 /* PBXTargetDependency */ = {
			isa = PBXTargetDependency;
			target = D40FBB261C83C86E00879E71 /* permanentStorage */;
			targetProxy = D40FBB3C1C83C86E00879E71 /* PBXContainerItemProxy */;
		};
		D40FBB481C83C86E00879E71 /* PBXTargetDependency */ = {
			isa = PBXTargetDependency;
			target = D40FBB261C83C86E00879E71 /* permanentStorage */;
			targetProxy = D40FBB471C83C86E00879E71 /* PBXContainerItemProxy */;
		};
/* End PBXTargetDependency section */

/* Begin PBXVariantGroup section */
		D40FBB2E1C83C86E00879E71 /* Main.storyboard */ = {
			isa = PBXVariantGroup;
			children = (
				D40FBB2F1C83C86E00879E71 /* Base */,
			);
			name = Main.storyboard;
			sourceTree = "<group>";
		};
		D40FBB331C83C86E00879E71 /* LaunchScreen.storyboard */ = {
			isa = PBXVariantGroup;
			children = (
				D40FBB341C83C86E00879E71 /* Base */,
			);
			name = LaunchScreen.storyboard;
			sourceTree = "<group>";
		};
/* End PBXVariantGroup section */

/* Begin XCBuildConfiguration section */
		D40FBB4D1C83C86E00879E71 /* Debug */ = {
			isa = XCBuildConfiguration;
			buildSettings = {
				ALWAYS_SEARCH_USER_PATHS = NO;
				CLANG_CXX_LANGUAGE_STANDARD = "gnu++0x";
				CLANG_CXX_LIBRARY = "libc++";
				CLANG_ENABLE_MODULES = YES;
				CLANG_ENABLE_OBJC_ARC = YES;
				CLANG_WARN_BOOL_CONVERSION = YES;
				CLANG_WARN_CONSTANT_CONVERSION = YES;
				CLANG_WARN_DIRECT_OBJC_ISA_USAGE = YES_ERROR;
				CLANG_WARN_EMPTY_BODY = YES;
				CLANG_WARN_ENUM_CONVERSION = YES;
				CLANG_WARN_INT_CONVERSION = YES;
				CLANG_WARN_OBJC_ROOT_CLASS = YES_ERROR;
				CLANG_WARN_UNREACHABLE_CODE = YES;
				CLANG_WARN__DUPLICATE_METHOD_MATCH = YES;
				"CODE_SIGN_IDENTITY[sdk=iphoneos*]" = "iPhone Developer";
				COPY_PHASE_STRIP = NO;
				DEBUG_INFORMATION_FORMAT = dwarf;
				ENABLE_STRICT_OBJC_MSGSEND = YES;
				ENABLE_TESTABILITY = YES;
				GCC_C_LANGUAGE_STANDARD = gnu99;
				GCC_DYNAMIC_NO_PIC = NO;
				GCC_NO_COMMON_BLOCKS = YES;
				GCC_OPTIMIZATION_LEVEL = 0;
				GCC_PREPROCESSOR_DEFINITIONS = (
					"DEBUG=1",
					"$(inherited)",
				);
				GCC_WARN_64_TO_32_BIT_CONVERSION = YES;
				GCC_WARN_ABOUT_RETURN_TYPE = YES_ERROR;
				GCC_WARN_UNDECLARED_SELECTOR = YES;
				GCC_WARN_UNINITIALIZED_AUTOS = YES_AGGRESSIVE;
				GCC_WARN_UNUSED_FUNCTION = YES;
				GCC_WARN_UNUSED_VARIABLE = YES;
				IPHONEOS_DEPLOYMENT_TARGET = 9.2;
				MTL_ENABLE_DEBUG_INFO = YES;
				ONLY_ACTIVE_ARCH = YES;
				SDKROOT = iphoneos;
				SWIFT_OPTIMIZATION_LEVEL = "-Onone";
			};
			name = Debug;
		};
		D40FBB4E1C83C86E00879E71 /* Release */ = {
			isa = XCBuildConfiguration;
			buildSettings = {
				ALWAYS_SEARCH_USER_PATHS = NO;
				CLANG_CXX_LANGUAGE_STANDARD = "gnu++0x";
				CLANG_CXX_LIBRARY = "libc++";
				CLANG_ENABLE_MODULES = YES;
				CLANG_ENABLE_OBJC_ARC = YES;
				CLANG_WARN_BOOL_CONVERSION = YES;
				CLANG_WARN_CONSTANT_CONVERSION = YES;
				CLANG_WARN_DIRECT_OBJC_ISA_USAGE = YES_ERROR;
				CLANG_WARN_EMPTY_BODY = YES;
				CLANG_WARN_ENUM_CONVERSION = YES;
				CLANG_WARN_INT_CONVERSION = YES;
				CLANG_WARN_OBJC_ROOT_CLASS = YES_ERROR;
				CLANG_WARN_UNREACHABLE_CODE = YES;
				CLANG_WARN__DUPLICATE_METHOD_MATCH = YES;
				"CODE_SIGN_IDENTITY[sdk=iphoneos*]" = "iPhone Developer";
				COPY_PHASE_STRIP = NO;
				DEBUG_INFORMATION_FORMAT = "dwarf-with-dsym";
				ENABLE_NS_ASSERTIONS = NO;
				ENABLE_STRICT_OBJC_MSGSEND = YES;
				GCC_C_LANGUAGE_STANDARD = gnu99;
				GCC_NO_COMMON_BLOCKS = YES;
				GCC_WARN_64_TO_32_BIT_CONVERSION = YES;
				GCC_WARN_ABOUT_RETURN_TYPE = YES_ERROR;
				GCC_WARN_UNDECLARED_SELECTOR = YES;
				GCC_WARN_UNINITIALIZED_AUTOS = YES_AGGRESSIVE;
				GCC_WARN_UNUSED_FUNCTION = YES;
				GCC_WARN_UNUSED_VARIABLE = YES;
				IPHONEOS_DEPLOYMENT_TARGET = 9.2;
				MTL_ENABLE_DEBUG_INFO = NO;
				SDKROOT = iphoneos;
				VALIDATE_PRODUCT = YES;
			};
			name = Release;
		};
		D40FBB501C83C86E00879E71 /* Debug */ = {
			isa = XCBuildConfiguration;
			buildSettings = {
				ASSETCATALOG_COMPILER_APPICON_NAME = AppIcon;
				INFOPLIST_FILE = permanentStorage/Info.plist;
				LD_RUNPATH_SEARCH_PATHS = "$(inherited) @executable_path/Frameworks";
				PRODUCT_BUNDLE_IDENTIFIER = com.andrewmorrison.permanentStorage;
				PRODUCT_NAME = "$(TARGET_NAME)";
			};
			name = Debug;
		};
		D40FBB511C83C86E00879E71 /* Release */ = {
			isa = XCBuildConfiguration;
			buildSettings = {
				ASSETCATALOG_COMPILER_APPICON_NAME = AppIcon;
				INFOPLIST_FILE = permanentStorage/Info.plist;
				LD_RUNPATH_SEARCH_PATHS = "$(inherited) @executable_path/Frameworks";
				PRODUCT_BUNDLE_IDENTIFIER = com.andrewmorrison.permanentStorage;
				PRODUCT_NAME = "$(TARGET_NAME)";
			};
			name = Release;
		};
		D40FBB531C83C86E00879E71 /* Debug */ = {
			isa = XCBuildConfiguration;
			buildSettings = {
				BUNDLE_LOADER = "$(TEST_HOST)";
				INFOPLIST_FILE = permanentStorageTests/Info.plist;
				LD_RUNPATH_SEARCH_PATHS = "$(inherited) @executable_path/Frameworks @loader_path/Frameworks";
				PRODUCT_BUNDLE_IDENTIFIER = com.andrewmorrison.permanentStorageTests;
				PRODUCT_NAME = "$(TARGET_NAME)";
				TEST_HOST = "$(BUILT_PRODUCTS_DIR)/permanentStorage.app/permanentStorage";
			};
			name = Debug;
		};
		D40FBB541C83C86E00879E71 /* Release */ = {
			isa = XCBuildConfiguration;
			buildSettings = {
				BUNDLE_LOADER = "$(TEST_HOST)";
				INFOPLIST_FILE = permanentStorageTests/Info.plist;
				LD_RUNPATH_SEARCH_PATHS = "$(inherited) @executable_path/Frameworks @loader_path/Frameworks";
				PRODUCT_BUNDLE_IDENTIFIER = com.andrewmorrison.permanentStorageTests;
				PRODUCT_NAME = "$(TARGET_NAME)";
				TEST_HOST = "$(BUILT_PRODUCTS_DIR)/permanentStorage.app/permanentStorage";
			};
			name = Release;
		};
		D40FBB561C83C86E00879E71 /* Debug */ = {
			isa = XCBuildConfiguration;
			buildSettings = {
				INFOPLIST_FILE = permanentStorageUITests/Info.plist;
				LD_RUNPATH_SEARCH_PATHS = "$(inherited) @executable_path/Frameworks @loader_path/Frameworks";
				PRODUCT_BUNDLE_IDENTIFIER = com.andrewmorrison.permanentStorageUITests;
				PRODUCT_NAME = "$(TARGET_NAME)";
				TEST_TARGET_NAME = permanentStorage;
				USES_XCTRUNNER = YES;
			};
			name = Debug;
		};
		D40FBB571C83C86E00879E71 /* Release */ = {
			isa = XCBuildConfiguration;
			buildSettings = {
				INFOPLIST_FILE = permanentStorageUITests/Info.plist;
				LD_RUNPATH_SEARCH_PATHS = "$(inherited) @executable_path/Frameworks @loader_path/Frameworks";
				PRODUCT_BUNDLE_IDENTIFIER = com.andrewmorrison.permanentStorageUITests;
				PRODUCT_NAME = "$(TARGET_NAME)";
				TEST_TARGET_NAME = permanentStorage;
				USES_XCTRUNNER = YES;
			};
			name = Release;
		};
/* End XCBuildConfiguration section */

/* Begin XCConfigurationList section */
		D40FBB221C83C86E00879E71 /* Build configuration list for PBXProject "permanentStorage" */ = {
			isa = XCConfigurationList;
			buildConfigurations = (
				D40FBB4D1C83C86E00879E71 /* Debug */,
				D40FBB4E1C83C86E00879E71 /* Release */,
			);
			defaultConfigurationIsVisible = 0;
			defaultConfigurationName = Release;
		};
		D40FBB4F1C83C86E00879E71 /* Build configuration list for PBXNativeTarget "permanentStorage" */ = {
			isa = XCConfigurationList;
			buildConfigurations = (
				D40FBB501C83C86E00879E71 /* Debug */,
				D40FBB511C83C86E00879E71 /* Release */,
			);
			defaultConfigurationIsVisible = 0;
		};
		D40FBB521C83C86E00879E71 /* Build configuration list for PBXNativeTarget "permanentStorageTests" */ = {
			isa = XCConfigurationList;
			buildConfigurations = (
				D40FBB531C83C86E00879E71 /* Debug */,
				D40FBB541C83C86E00879E71 /* Release */,
			);
			defaultConfigurationIsVisible = 0;
		};
		D40FBB551C83C86E00879E71 /* Build configuration list for PBXNativeTarget "permanentStorageUITests" */ = {
			isa = XCConfigurationList;
			buildConfigurations = (
				D40FBB561C83C86E00879E71 /* Debug */,
				D40FBB571C83C86E00879E71 /* Release */,
			);
			defaultConfigurationIsVisible = 0;
		};
/* End XCConfigurationList section */
	};
	rootObject = D40FBB1F1C83C86E00879E71 /* Project object */;
}
